
Microsoft Visual Studio Solution File, Format Version 12.00
# Visual Studio Version 16
VisualStudioVersion = 16.0.28803.352
MinimumVisualStudioVersion = 10.0.40219.1
Project("{FAE04EC0-301F-11D3-BF4B-00C04F79EFBC}") = "SimuladorSo", "SimuladorSo\SimuladorSo.csproj", "{239F4840-4F93-4ECA-909F-8AEC1CA22009}"
EndProject
Global
	GlobalSection(SolutionConfigurationPlatforms) = preSolution
		Debug|Any CPU = Debug|Any CPU
		Release|Any CPU = Release|Any CPU
	EndGlobalSection
	GlobalSection(ProjectConfigurationPlatforms) = postSolution
		{239F4840-4F93-4ECA-909F-8AEC1CA22009}.Debug|Any CPU.ActiveCfg = Debug|Any CPU
		{239F4840-4F93-4ECA-909F-8AEC1CA22009}.Debug|Any CPU.Build.0 = Debug|Any CPU
		{239F4840-4F93-4ECA-909F-8AEC1CA22009}.Release|Any CPU.ActiveCfg = Release|Any CPU
		{239F4840-4F93-4ECA-909F-8AEC1CA22009}.Release|Any CPU.Build.0 = Release|Any CPU
	EndGlobalSection
	GlobalSection(SolutionProperties) = preSolution
		HideSolutionNode = FALSE
	EndGlobalSection
	GlobalSection(ExtensibilityGlobals) = postSolution
		SolutionGuid = {9E72D396-ED16-448E-BB66-A09792E1EF85}
	EndGlobalSection
EndGlobal
